
Microsoft Visual Studio Solution File, Format Version 12.00
# Visual Studio Version 17
VisualStudioVersion = 17.2.32616.157
MinimumVisualStudioVersion = 10.0.40219.1
Project("{9A19103F-16F7-4668-BE54-9A1E7A4F7556}") = "Los.Santos.Dope.Wars", "Los.Santos.Dope.Wars.csproj", "{FE3EF80D-C193-4AAE-B377-380D417461E7}"
EndProject
Project("{2150E333-8FDC-42A3-9474-1A3956D46DE8}") = "src", "src", "{0BB98D05-D5EB-494E-85B9-F4C22D02478E}"
EndProject
Project("{FAE04EC0-301F-11D3-BF4B-00C04F79EFBC}") = "Los.Santos.Dope.Wars", "src\LSDW\Los.Santos.Dope.Wars.csproj", "{B119C239-D60F-4112-A0DB-A3956C15C69E}"
EndProject
Global
	GlobalSection(SolutionConfigurationPlatforms) = preSolution
		Debug|Any CPU = Debug|Any CPU
		Release|Any CPU = Release|Any CPU
	EndGlobalSection
	GlobalSection(ProjectConfigurationPlatforms) = postSolution
		{FE3EF80D-C193-4AAE-B377-380D417461E7}.Debug|Any CPU.ActiveCfg = Debug|Any CPU
		{FE3EF80D-C193-4AAE-B377-380D417461E7}.Debug|Any CPU.Build.0 = Debug|Any CPU
		{FE3EF80D-C193-4AAE-B377-380D417461E7}.Release|Any CPU.ActiveCfg = Release|Any CPU
		{FE3EF80D-C193-4AAE-B377-380D417461E7}.Release|Any CPU.Build.0 = Release|Any CPU
		{B119C239-D60F-4112-A0DB-A3956C15C69E}.Debug|Any CPU.ActiveCfg = Debug|Any CPU
		{B119C239-D60F-4112-A0DB-A3956C15C69E}.Debug|Any CPU.Build.0 = Debug|Any CPU
		{B119C239-D60F-4112-A0DB-A3956C15C69E}.Release|Any CPU.ActiveCfg = Release|Any CPU
		{B119C239-D60F-4112-A0DB-A3956C15C69E}.Release|Any CPU.Build.0 = Release|Any CPU
	EndGlobalSection
	GlobalSection(SolutionProperties) = preSolution
		HideSolutionNode = FALSE
	EndGlobalSection
	GlobalSection(NestedProjects) = preSolution
		{B119C239-D60F-4112-A0DB-A3956C15C69E} = {0BB98D05-D5EB-494E-85B9-F4C22D02478E}
	EndGlobalSection
	GlobalSection(ExtensibilityGlobals) = postSolution
		SolutionGuid = {68F339D1-2669-47D8-9481-679C413F0389}
	EndGlobalSection
EndGlobal
