
Microsoft Visual Studio Solution File, Format Version 12.00
# Visual Studio Version 17
VisualStudioVersion = 17.2.32616.157
MinimumVisualStudioVersion = 10.0.40219.1
Project("{2150E333-8FDC-42A3-9474-1A3956D46DE8}") = "src", "src", "{0BB98D05-D5EB-494E-85B9-F4C22D02478E}"
EndProject
Project("{2150E333-8FDC-42A3-9474-1A3956D46DE8}") = "tests", "tests", "{751C0958-C5D5-45A2-ABEF-A226D5FBC9BF}"
EndProject
Project("{9A19103F-16F7-4668-BE54-9A1E7A4F7556}") = "LSDW.Domain", "src\LSDW.Domain\LSDW.Domain.csproj", "{E7A89523-F447-4ECC-96C9-B673B5A28164}"
EndProject
Project("{9A19103F-16F7-4668-BE54-9A1E7A4F7556}") = "LSDW.Infrastructure", "src\LSDW.Infrastructure\LSDW.Infrastructure.csproj", "{BDF5DD16-F223-4D29-AEA2-5C1B80CBD152}"
EndProject
Project("{9A19103F-16F7-4668-BE54-9A1E7A4F7556}") = "LSDW.Presentation", "src\LSDW.Presentation\LSDW.Presentation.csproj", "{189A0342-9E3B-4F24-A0D0-C010733BBF85}"
EndProject
Project("{9A19103F-16F7-4668-BE54-9A1E7A4F7556}") = "LSDW.Application", "src\LSDW.Application\LSDW.Application.csproj", "{2429CE52-8AE2-43DB-815A-7D78BF650EAC}"
EndProject
Project("{9A19103F-16F7-4668-BE54-9A1E7A4F7556}") = "LSDW.Abstractions", "src\LSDW.Abstractions\LSDW.Abstractions.csproj", "{B6005230-5C7E-43D2-BD06-57ABA0CB80A6}"
EndProject
Project("{9A19103F-16F7-4668-BE54-9A1E7A4F7556}") = "LSDW.Infrastructure.Tests", "tests\LSDW.Infrastructure.Tests\LSDW.Infrastructure.Tests.csproj", "{FBE72B8C-A47D-4D4F-8880-53EAA7AE5AD6}"
EndProject
Project("{9A19103F-16F7-4668-BE54-9A1E7A4F7556}") = "LSDW.Presentation.Tests", "tests\LSDW.Presentation.Tests\LSDW.Presentation.Tests.csproj", "{DA62BF1A-A6B2-4FA2-9499-2DD911EE3992}"
EndProject
Project("{9A19103F-16F7-4668-BE54-9A1E7A4F7556}") = "LSDW.Domain.Tests", "tests\LSDW.Domain.Tests\LSDW.Domain.Tests.csproj", "{F7EBF88C-0C49-4A7B-A8D5-890793AF7570}"
EndProject
Project("{9A19103F-16F7-4668-BE54-9A1E7A4F7556}") = "LSDW.Application.Tests", "tests\LSDW.Application.Tests\LSDW.Application.Tests.csproj", "{F1FDF2FA-379E-4C76-A645-E02B2427B3BA}"
EndProject
Project("{2150E333-8FDC-42A3-9474-1A3956D46DE8}") = "Solution Items", "Solution Items", "{3E0CC88A-4C03-479C-9B75-D8D5C6FBB535}"
	ProjectSection(SolutionItems) = preProject
		.editorconfig = .editorconfig
		.filenesting.json = .filenesting.json
		.gitignore = .gitignore
		AUTHORS.md = AUTHORS.md
		CHANGES.md = CHANGES.md
		Directory.Build.props = Directory.Build.props
		Directory.Packages.props = Directory.Packages.props
		LICENSE = LICENSE
		README.md = README.md
	EndProjectSection
EndProject
Global
	GlobalSection(SolutionConfigurationPlatforms) = preSolution
		Debug|x64 = Debug|x64
		Release|x64 = Release|x64
	EndGlobalSection
	GlobalSection(ProjectConfigurationPlatforms) = postSolution
		{E7A89523-F447-4ECC-96C9-B673B5A28164}.Debug|x64.ActiveCfg = Debug|x64
		{E7A89523-F447-4ECC-96C9-B673B5A28164}.Debug|x64.Build.0 = Debug|x64
		{E7A89523-F447-4ECC-96C9-B673B5A28164}.Release|x64.ActiveCfg = Release|x64
		{E7A89523-F447-4ECC-96C9-B673B5A28164}.Release|x64.Build.0 = Release|x64
		{BDF5DD16-F223-4D29-AEA2-5C1B80CBD152}.Debug|x64.ActiveCfg = Debug|x64
		{BDF5DD16-F223-4D29-AEA2-5C1B80CBD152}.Debug|x64.Build.0 = Debug|x64
		{BDF5DD16-F223-4D29-AEA2-5C1B80CBD152}.Release|x64.ActiveCfg = Release|x64
		{BDF5DD16-F223-4D29-AEA2-5C1B80CBD152}.Release|x64.Build.0 = Release|x64
		{189A0342-9E3B-4F24-A0D0-C010733BBF85}.Debug|x64.ActiveCfg = Debug|x64
		{189A0342-9E3B-4F24-A0D0-C010733BBF85}.Debug|x64.Build.0 = Debug|x64
		{189A0342-9E3B-4F24-A0D0-C010733BBF85}.Release|x64.ActiveCfg = Release|x64
		{189A0342-9E3B-4F24-A0D0-C010733BBF85}.Release|x64.Build.0 = Release|x64
		{2429CE52-8AE2-43DB-815A-7D78BF650EAC}.Debug|x64.ActiveCfg = Debug|x64
		{2429CE52-8AE2-43DB-815A-7D78BF650EAC}.Debug|x64.Build.0 = Debug|x64
		{2429CE52-8AE2-43DB-815A-7D78BF650EAC}.Release|x64.ActiveCfg = Release|x64
		{2429CE52-8AE2-43DB-815A-7D78BF650EAC}.Release|x64.Build.0 = Release|x64
		{B6005230-5C7E-43D2-BD06-57ABA0CB80A6}.Debug|x64.ActiveCfg = Debug|x64
		{B6005230-5C7E-43D2-BD06-57ABA0CB80A6}.Debug|x64.Build.0 = Debug|x64
		{B6005230-5C7E-43D2-BD06-57ABA0CB80A6}.Release|x64.ActiveCfg = Release|x64
		{B6005230-5C7E-43D2-BD06-57ABA0CB80A6}.Release|x64.Build.0 = Release|x64
		{FBE72B8C-A47D-4D4F-8880-53EAA7AE5AD6}.Debug|x64.ActiveCfg = Debug|x64
		{FBE72B8C-A47D-4D4F-8880-53EAA7AE5AD6}.Debug|x64.Build.0 = Debug|x64
		{FBE72B8C-A47D-4D4F-8880-53EAA7AE5AD6}.Release|x64.ActiveCfg = Release|x64
		{FBE72B8C-A47D-4D4F-8880-53EAA7AE5AD6}.Release|x64.Build.0 = Release|x64
		{DA62BF1A-A6B2-4FA2-9499-2DD911EE3992}.Debug|x64.ActiveCfg = Debug|x64
		{DA62BF1A-A6B2-4FA2-9499-2DD911EE3992}.Debug|x64.Build.0 = Debug|x64
		{DA62BF1A-A6B2-4FA2-9499-2DD911EE3992}.Release|x64.ActiveCfg = Release|x64
		{DA62BF1A-A6B2-4FA2-9499-2DD911EE3992}.Release|x64.Build.0 = Release|x64
		{F7EBF88C-0C49-4A7B-A8D5-890793AF7570}.Debug|x64.ActiveCfg = Debug|x64
		{F7EBF88C-0C49-4A7B-A8D5-890793AF7570}.Debug|x64.Build.0 = Debug|x64
		{F7EBF88C-0C49-4A7B-A8D5-890793AF7570}.Release|x64.ActiveCfg = Release|x64
		{F7EBF88C-0C49-4A7B-A8D5-890793AF7570}.Release|x64.Build.0 = Release|x64
		{F1FDF2FA-379E-4C76-A645-E02B2427B3BA}.Debug|x64.ActiveCfg = Debug|x64
		{F1FDF2FA-379E-4C76-A645-E02B2427B3BA}.Debug|x64.Build.0 = Debug|x64
		{F1FDF2FA-379E-4C76-A645-E02B2427B3BA}.Release|x64.ActiveCfg = Release|x64
		{F1FDF2FA-379E-4C76-A645-E02B2427B3BA}.Release|x64.Build.0 = Release|x64
	EndGlobalSection
	GlobalSection(SolutionProperties) = preSolution
		HideSolutionNode = FALSE
	EndGlobalSection
	GlobalSection(NestedProjects) = preSolution
		{E7A89523-F447-4ECC-96C9-B673B5A28164} = {0BB98D05-D5EB-494E-85B9-F4C22D02478E}
		{BDF5DD16-F223-4D29-AEA2-5C1B80CBD152} = {0BB98D05-D5EB-494E-85B9-F4C22D02478E}
		{189A0342-9E3B-4F24-A0D0-C010733BBF85} = {0BB98D05-D5EB-494E-85B9-F4C22D02478E}
		{2429CE52-8AE2-43DB-815A-7D78BF650EAC} = {0BB98D05-D5EB-494E-85B9-F4C22D02478E}
		{B6005230-5C7E-43D2-BD06-57ABA0CB80A6} = {0BB98D05-D5EB-494E-85B9-F4C22D02478E}
		{FBE72B8C-A47D-4D4F-8880-53EAA7AE5AD6} = {751C0958-C5D5-45A2-ABEF-A226D5FBC9BF}
		{DA62BF1A-A6B2-4FA2-9499-2DD911EE3992} = {751C0958-C5D5-45A2-ABEF-A226D5FBC9BF}
		{F7EBF88C-0C49-4A7B-A8D5-890793AF7570} = {751C0958-C5D5-45A2-ABEF-A226D5FBC9BF}
		{F1FDF2FA-379E-4C76-A645-E02B2427B3BA} = {751C0958-C5D5-45A2-ABEF-A226D5FBC9BF}
	EndGlobalSection
	GlobalSection(ExtensibilityGlobals) = postSolution
		SolutionGuid = {68F339D1-2669-47D8-9481-679C413F0389}
		RESX_SortFileContentOnSave = True
	EndGlobalSection
EndGlobal
